
Microsoft Visual Studio Solution File, Format Version 12.00
# Visual Studio Version 17
VisualStudioVersion = 17.13.35931.197
MinimumVisualStudioVersion = 10.0.40219.1
Project("{FAE04EC0-301F-11D3-BF4B-00C04F79EFBC}") = "Can I run this", "Can I run this\Can I run this.csproj", "{D145D7F0-3E48-413A-A947-7B53EE3E79A0}"
EndProject
Global
	GlobalSection(SolutionConfigurationPlatforms) = preSolution
		Debug|Any CPU = Debug|Any CPU
		Release|Any CPU = Release|Any CPU
	EndGlobalSection
	GlobalSection(ProjectConfigurationPlatforms) = postSolution
		{D145D7F0-3E48-413A-A947-7B53EE3E79A0}.Debug|Any CPU.ActiveCfg = Debug|Any CPU
		{D145D7F0-3E48-413A-A947-7B53EE3E79A0}.Debug|Any CPU.Build.0 = Debug|Any CPU
		{D145D7F0-3E48-413A-A947-7B53EE3E79A0}.Release|Any CPU.ActiveCfg = Release|Any CPU
		{D145D7F0-3E48-413A-A947-7B53EE3E79A0}.Release|Any CPU.Build.0 = Release|Any CPU
	EndGlobalSection
	GlobalSection(SolutionProperties) = preSolution
		HideSolutionNode = FALSE
	EndGlobalSection
	GlobalSection(ExtensibilityGlobals) = postSolution
		SolutionGuid = {BDD6F782-4685-4115-81A1-C305A8DD8757}
	EndGlobalSection
EndGlobal
