
Microsoft Visual Studio Solution File, Format Version 12.00
# Visual Studio Version 17
VisualStudioVersion = 17.13.35931.197 d17.13
MinimumVisualStudioVersion = 10.0.40219.1
Project("{FAE04EC0-301F-11D3-BF4B-00C04F79EFBC}") = "[70%] COMP 1003 Question 3c", "[70%] COMP 1003 Question 3c\[70%] COMP 1003 Question 3c.csproj", "{2D771A19-474C-4BB6-9DB5-6D4E427C93C4}"
EndProject
Global
	GlobalSection(SolutionConfigurationPlatforms) = preSolution
		Debug|Any CPU = Debug|Any CPU
		Release|Any CPU = Release|Any CPU
	EndGlobalSection
	GlobalSection(ProjectConfigurationPlatforms) = postSolution
		{2D771A19-474C-4BB6-9DB5-6D4E427C93C4}.Debug|Any CPU.ActiveCfg = Debug|Any CPU
		{2D771A19-474C-4BB6-9DB5-6D4E427C93C4}.Debug|Any CPU.Build.0 = Debug|Any CPU
		{2D771A19-474C-4BB6-9DB5-6D4E427C93C4}.Release|Any CPU.ActiveCfg = Release|Any CPU
		{2D771A19-474C-4BB6-9DB5-6D4E427C93C4}.Release|Any CPU.Build.0 = Release|Any CPU
	EndGlobalSection
	GlobalSection(SolutionProperties) = preSolution
		HideSolutionNode = FALSE
	EndGlobalSection
	GlobalSection(ExtensibilityGlobals) = postSolution
		SolutionGuid = {D374AD5F-46D3-44E1-BC34-EAE11FB9E2AE}
	EndGlobalSection
EndGlobal
